
Microsoft Visual Studio Solution File, Format Version 12.00
# Visual Studio Version 16
VisualStudioVersion = 16.0.808.4
MinimumVisualStudioVersion = 10.0.40219.1
Project("{FAE04EC0-301F-11D3-BF4B-00C04F79EFBC}") = "Survey.API", "Survey.API\Survey.API.csproj", "{7EC4BB59-0A6F-4456-8DC2-B358FA439130}"
EndProject
Global
	GlobalSection(SolutionConfigurationPlatforms) = preSolution
		Debug|Any CPU = Debug|Any CPU
		Release|Any CPU = Release|Any CPU
	EndGlobalSection
	GlobalSection(ProjectConfigurationPlatforms) = postSolution
		{7EC4BB59-0A6F-4456-8DC2-B358FA439130}.Debug|Any CPU.ActiveCfg = Debug|Any CPU
		{7EC4BB59-0A6F-4456-8DC2-B358FA439130}.Debug|Any CPU.Build.0 = Debug|Any CPU
		{7EC4BB59-0A6F-4456-8DC2-B358FA439130}.Release|Any CPU.ActiveCfg = Release|Any CPU
		{7EC4BB59-0A6F-4456-8DC2-B358FA439130}.Release|Any CPU.Build.0 = Release|Any CPU
	EndGlobalSection
	GlobalSection(SolutionProperties) = preSolution
		HideSolutionNode = FALSE
	EndGlobalSection
	GlobalSection(ExtensibilityGlobals) = postSolution
		SolutionGuid = {E2D5A873-1C48-448F-9B72-BE1F69A0D8CD}
	EndGlobalSection
EndGlobal
